// !$*UTF8*$!
{
	archiveVersion = 1;
	classes = {
	};
	objectVersion = 77;
	objects = {

/* Begin PBXBuildFile section */
		2DFC77BE02A54542AD291BFD /* Pods_HomeTestNu_HomeTestNuUITests.framework in Frameworks */ = {isa = PBXBuildFile; fileRef = 18C00AAE61C07E3477DC8774 /* Pods_HomeTestNu_HomeTestNuUITests.framework */; };
		6205A45F43B7D63F17F57A50 /* Pods_HomeTestNuTests.framework in Frameworks */ = {isa = PBXBuildFile; fileRef = C21F18235E05DA19A14F4977 /* Pods_HomeTestNuTests.framework */; };
		6AD6009557549840D35C15C6 /* Pods_HomeTestNu.framework in Frameworks */ = {isa = PBXBuildFile; fileRef = F532B050A4F2382EF5AB173C /* Pods_HomeTestNu.framework */; };
		8CC9AE2E2E58CD890056991F /* URLSession+extensions.swift in Sources */ = {isa = PBXBuildFile; fileRef = 8CC9AE2D2E58CCE30056991F /* URLSession+extensions.swift */; };
		8CC9AE302E5911060056991F /* Readme.txt in Resources */ = {isa = PBXBuildFile; fileRef = 8CC9AE2F2E5910FA0056991F /* Readme.txt */; };
/* End PBXBuildFile section */

/* Begin PBXContainerItemProxy section */
		8CC9ADAD2E513C630056991F /* PBXContainerItemProxy */ = {
			isa = PBXContainerItemProxy;
			containerPortal = 8CC9AD942E513C610056991F /* Project object */;
			proxyType = 1;
			remoteGlobalIDString = 8CC9AD9B2E513C620056991F;
			remoteInfo = HomeTestNu;
		};
		8CC9ADB72E513C630056991F /* PBXContainerItemProxy */ = {
			isa = PBXContainerItemProxy;
			containerPortal = 8CC9AD942E513C610056991F /* Project object */;
			proxyType = 1;
			remoteGlobalIDString = 8CC9AD9B2E513C620056991F;
			remoteInfo = HomeTestNu;
		};
/* End PBXContainerItemProxy section */

/* Begin PBXFileReference section */
		18C00AAE61C07E3477DC8774 /* Pods_HomeTestNu_HomeTestNuUITests.framework */ = {isa = PBXFileReference; explicitFileType = wrapper.framework; includeInIndex = 0; path = Pods_HomeTestNu_HomeTestNuUITests.framework; sourceTree = BUILT_PRODUCTS_DIR; };
		51F5B97F94F2E5229524CF33 /* Pods-HomeTestNu-HomeTestNuUITests.debug.xcconfig */ = {isa = PBXFileReference; includeInIndex = 1; lastKnownFileType = text.xcconfig; name = "Pods-HomeTestNu-HomeTestNuUITests.debug.xcconfig"; path = "Target Support Files/Pods-HomeTestNu-HomeTestNuUITests/Pods-HomeTestNu-HomeTestNuUITests.debug.xcconfig"; sourceTree = "<group>"; };
		58B98B6AAD57E31E56824721 /* Pods-HomeTestNuTests.debug.xcconfig */ = {isa = PBXFileReference; includeInIndex = 1; lastKnownFileType = text.xcconfig; name = "Pods-HomeTestNuTests.debug.xcconfig"; path = "Target Support Files/Pods-HomeTestNuTests/Pods-HomeTestNuTests.debug.xcconfig"; sourceTree = "<group>"; };
		5E3D2E5525ED00B35E057CB2 /* Pods-HomeTestNuTests.release.xcconfig */ = {isa = PBXFileReference; includeInIndex = 1; lastKnownFileType = text.xcconfig; name = "Pods-HomeTestNuTests.release.xcconfig"; path = "Target Support Files/Pods-HomeTestNuTests/Pods-HomeTestNuTests.release.xcconfig"; sourceTree = "<group>"; };
		7C6F37C290F70B3AA7050DE5 /* Pods-HomeTestNu-HomeTestNuUITests.release.xcconfig */ = {isa = PBXFileReference; includeInIndex = 1; lastKnownFileType = text.xcconfig; name = "Pods-HomeTestNu-HomeTestNuUITests.release.xcconfig"; path = "Target Support Files/Pods-HomeTestNu-HomeTestNuUITests/Pods-HomeTestNu-HomeTestNuUITests.release.xcconfig"; sourceTree = "<group>"; };
		8CC9AD9C2E513C620056991F /* HomeTestNu.app */ = {isa = PBXFileReference; explicitFileType = wrapper.application; includeInIndex = 0; path = HomeTestNu.app; sourceTree = BUILT_PRODUCTS_DIR; };
		8CC9ADAC2E513C630056991F /* HomeTestNuTests.xctest */ = {isa = PBXFileReference; explicitFileType = wrapper.cfbundle; includeInIndex = 0; path = HomeTestNuTests.xctest; sourceTree = BUILT_PRODUCTS_DIR; };
		8CC9ADB62E513C630056991F /* HomeTestNuUITests.xctest */ = {isa = PBXFileReference; explicitFileType = wrapper.cfbundle; includeInIndex = 0; path = HomeTestNuUITests.xctest; sourceTree = BUILT_PRODUCTS_DIR; };
		8CC9AE2D2E58CCE30056991F /* URLSession+extensions.swift */ = {isa = PBXFileReference; lastKnownFileType = sourcecode.swift; path = "URLSession+extensions.swift"; sourceTree = "<group>"; };
		8CC9AE2F2E5910FA0056991F /* Readme.txt */ = {isa = PBXFileReference; lastKnownFileType = text; path = Readme.txt; sourceTree = "<group>"; };
		A7D39B90EDD92328EAC76654 /* Pods-HomeTestNu.debug.xcconfig */ = {isa = PBXFileReference; includeInIndex = 1; lastKnownFileType = text.xcconfig; name = "Pods-HomeTestNu.debug.xcconfig"; path = "Target Support Files/Pods-HomeTestNu/Pods-HomeTestNu.debug.xcconfig"; sourceTree = "<group>"; };
		C21F18235E05DA19A14F4977 /* Pods_HomeTestNuTests.framework */ = {isa = PBXFileReference; explicitFileType = wrapper.framework; includeInIndex = 0; path = Pods_HomeTestNuTests.framework; sourceTree = BUILT_PRODUCTS_DIR; };
		CBA0C1A89A08CC00BDC2C3F0 /* Pods-HomeTestNu.release.xcconfig */ = {isa = PBXFileReference; includeInIndex = 1; lastKnownFileType = text.xcconfig; name = "Pods-HomeTestNu.release.xcconfig"; path = "Target Support Files/Pods-HomeTestNu/Pods-HomeTestNu.release.xcconfig"; sourceTree = "<group>"; };
		F532B050A4F2382EF5AB173C /* Pods_HomeTestNu.framework */ = {isa = PBXFileReference; explicitFileType = wrapper.framework; includeInIndex = 0; path = Pods_HomeTestNu.framework; sourceTree = BUILT_PRODUCTS_DIR; };
/* End PBXFileReference section */

/* Begin PBXFileSystemSynchronizedBuildFileExceptionSet section */
		8CC9AE112E5174230056991F /* Exceptions for "HomeTestNu" folder in "HomeTestNu" target */ = {
			isa = PBXFileSystemSynchronizedBuildFileExceptionSet;
			membershipExceptions = (
				Info.plist,
			);
			target = 8CC9AD9B2E513C620056991F /* HomeTestNu */;
		};
/* End PBXFileSystemSynchronizedBuildFileExceptionSet section */

/* Begin PBXFileSystemSynchronizedRootGroup section */
		8CC9AD9E2E513C620056991F /* HomeTestNu */ = {
			isa = PBXFileSystemSynchronizedRootGroup;
			exceptions = (
				8CC9AE112E5174230056991F /* Exceptions for "HomeTestNu" folder in "HomeTestNu" target */,
			);
			path = HomeTestNu;
			sourceTree = "<group>";
		};
		8CC9ADAF2E513C630056991F /* HomeTestNuTests */ = {
			isa = PBXFileSystemSynchronizedRootGroup;
			path = HomeTestNuTests;
			sourceTree = "<group>";
		};
		8CC9ADB92E513C630056991F /* HomeTestNuUITests */ = {
			isa = PBXFileSystemSynchronizedRootGroup;
			path = HomeTestNuUITests;
			sourceTree = "<group>";
		};
/* End PBXFileSystemSynchronizedRootGroup section */

/* Begin PBXFrameworksBuildPhase section */
		8CC9AD992E513C620056991F /* Frameworks */ = {
			isa = PBXFrameworksBuildPhase;
			buildActionMask = 2147483647;
			files = (
				6AD6009557549840D35C15C6 /* Pods_HomeTestNu.framework in Frameworks */,
			);
			runOnlyForDeploymentPostprocessing = 0;
		};
		8CC9ADA92E513C630056991F /* Frameworks */ = {
			isa = PBXFrameworksBuildPhase;
			buildActionMask = 2147483647;
			files = (
				6205A45F43B7D63F17F57A50 /* Pods_HomeTestNuTests.framework in Frameworks */,
			);
			runOnlyForDeploymentPostprocessing = 0;
		};
		8CC9ADB32E513C630056991F /* Frameworks */ = {
			isa = PBXFrameworksBuildPhase;
			buildActionMask = 2147483647;
			files = (
				2DFC77BE02A54542AD291BFD /* Pods_HomeTestNu_HomeTestNuUITests.framework in Frameworks */,
			);
			runOnlyForDeploymentPostprocessing = 0;
		};
/* End PBXFrameworksBuildPhase section */

/* Begin PBXGroup section */
		0ADFB3CAEEEECAC564772475 /* Frameworks */ = {
			isa = PBXGroup;
			children = (
				F532B050A4F2382EF5AB173C /* Pods_HomeTestNu.framework */,
				18C00AAE61C07E3477DC8774 /* Pods_HomeTestNu_HomeTestNuUITests.framework */,
				C21F18235E05DA19A14F4977 /* Pods_HomeTestNuTests.framework */,
			);
			name = Frameworks;
			sourceTree = "<group>";
		};
		8CC9AD932E513C610056991F = {
			isa = PBXGroup;
			children = (
				8CC9AE2F2E5910FA0056991F /* Readme.txt */,
				8CC9AE2C2E58CCDB0056991F /* Extensions */,
				8CC9AD9E2E513C620056991F /* HomeTestNu */,
				8CC9ADAF2E513C630056991F /* HomeTestNuTests */,
				8CC9ADB92E513C630056991F /* HomeTestNuUITests */,
				8CC9AD9D2E513C620056991F /* Products */,
				E3C0EB2EE12F82EA4A01636A /* Pods */,
				0ADFB3CAEEEECAC564772475 /* Frameworks */,
			);
			sourceTree = "<group>";
		};
		8CC9AD9D2E513C620056991F /* Products */ = {
			isa = PBXGroup;
			children = (
				8CC9AD9C2E513C620056991F /* HomeTestNu.app */,
				8CC9ADAC2E513C630056991F /* HomeTestNuTests.xctest */,
				8CC9ADB62E513C630056991F /* HomeTestNuUITests.xctest */,
			);
			name = Products;
			sourceTree = "<group>";
		};
		8CC9AE2C2E58CCDB0056991F /* Extensions */ = {
			isa = PBXGroup;
			children = (
				8CC9AE2D2E58CCE30056991F /* URLSession+extensions.swift */,
			);
			path = Extensions;
			sourceTree = "<group>";
		};
		E3C0EB2EE12F82EA4A01636A /* Pods */ = {
			isa = PBXGroup;
			children = (
				A7D39B90EDD92328EAC76654 /* Pods-HomeTestNu.debug.xcconfig */,
				CBA0C1A89A08CC00BDC2C3F0 /* Pods-HomeTestNu.release.xcconfig */,
				51F5B97F94F2E5229524CF33 /* Pods-HomeTestNu-HomeTestNuUITests.debug.xcconfig */,
				7C6F37C290F70B3AA7050DE5 /* Pods-HomeTestNu-HomeTestNuUITests.release.xcconfig */,
				58B98B6AAD57E31E56824721 /* Pods-HomeTestNuTests.debug.xcconfig */,
				5E3D2E5525ED00B35E057CB2 /* Pods-HomeTestNuTests.release.xcconfig */,
			);
			path = Pods;
			sourceTree = "<group>";
		};
/* End PBXGroup section */

/* Begin PBXNativeTarget section */
		8CC9AD9B2E513C620056991F /* HomeTestNu */ = {
			isa = PBXNativeTarget;
			buildConfigurationList = 8CC9ADC02E513C630056991F /* Build configuration list for PBXNativeTarget "HomeTestNu" */;
			buildPhases = (
				3AB379071DADF3F4EF3607A3 /* [CP] Check Pods Manifest.lock */,
				8CC9AD982E513C620056991F /* Sources */,
				8CC9AD992E513C620056991F /* Frameworks */,
				8CC9AD9A2E513C620056991F /* Resources */,
			);
			buildRules = (
			);
			dependencies = (
			);
			fileSystemSynchronizedGroups = (
				8CC9AD9E2E513C620056991F /* HomeTestNu */,
			);
			name = HomeTestNu;
			productName = HomeTestNu;
			productReference = 8CC9AD9C2E513C620056991F /* HomeTestNu.app */;
			productType = "com.apple.product-type.application";
		};
		8CC9ADAB2E513C630056991F /* HomeTestNuTests */ = {
			isa = PBXNativeTarget;
			buildConfigurationList = 8CC9ADC32E513C630056991F /* Build configuration list for PBXNativeTarget "HomeTestNuTests" */;
			buildPhases = (
				65E75862A392AD134BB0F946 /* [CP] Check Pods Manifest.lock */,
				8CC9ADA82E513C630056991F /* Sources */,
				8CC9ADA92E513C630056991F /* Frameworks */,
				8CC9ADAA2E513C630056991F /* Resources */,
			);
			buildRules = (
			);
			dependencies = (
				8CC9ADAE2E513C630056991F /* PBXTargetDependency */,
			);
			fileSystemSynchronizedGroups = (
				8CC9ADAF2E513C630056991F /* HomeTestNuTests */,
			);
			name = HomeTestNuTests;
			productName = HomeTestNuTests;
			productReference = 8CC9ADAC2E513C630056991F /* HomeTestNuTests.xctest */;
			productType = "com.apple.product-type.bundle.unit-test";
		};
		8CC9ADB52E513C630056991F /* HomeTestNuUITests */ = {
			isa = PBXNativeTarget;
			buildConfigurationList = 8CC9ADC62E513C630056991F /* Build configuration list for PBXNativeTarget "HomeTestNuUITests" */;
			buildPhases = (
				4EAD35EBAC2E8D01F814115B /* [CP] Check Pods Manifest.lock */,
				8CC9ADB22E513C630056991F /* Sources */,
				8CC9ADB32E513C630056991F /* Frameworks */,
				8CC9ADB42E513C630056991F /* Resources */,
			);
			buildRules = (
			);
			dependencies = (
				8CC9ADB82E513C630056991F /* PBXTargetDependency */,
			);
			fileSystemSynchronizedGroups = (
				8CC9ADB92E513C630056991F /* HomeTestNuUITests */,
			);
			name = HomeTestNuUITests;
			productName = HomeTestNuUITests;
			productReference = 8CC9ADB62E513C630056991F /* HomeTestNuUITests.xctest */;
			productType = "com.apple.product-type.bundle.ui-testing";
		};
/* End PBXNativeTarget section */

/* Begin PBXProject section */
		8CC9AD942E513C610056991F /* Project object */ = {
			isa = PBXProject;
			attributes = {
				BuildIndependentTargetsInParallel = 1;
				LastSwiftUpdateCheck = 1620;
				LastUpgradeCheck = 1620;
				TargetAttributes = {
					8CC9AD9B2E513C620056991F = {
						CreatedOnToolsVersion = 16.2;
					};
					8CC9ADAB2E513C630056991F = {
						CreatedOnToolsVersion = 16.2;
						TestTargetID = 8CC9AD9B2E513C620056991F;
					};
					8CC9ADB52E513C630056991F = {
						CreatedOnToolsVersion = 16.2;
						TestTargetID = 8CC9AD9B2E513C620056991F;
					};
				};
			};
			buildConfigurationList = 8CC9AD972E513C610056991F /* Build configuration list for PBXProject "HomeTestNu" */;
			developmentRegion = en;
			hasScannedForEncodings = 0;
			knownRegions = (
				en,
				Base,
			);
			mainGroup = 8CC9AD932E513C610056991F;
			minimizedProjectReferenceProxies = 1;
			preferredProjectObjectVersion = 77;
			productRefGroup = 8CC9AD9D2E513C620056991F /* Products */;
			projectDirPath = "";
			projectRoot = "";
			targets = (
				8CC9AD9B2E513C620056991F /* HomeTestNu */,
				8CC9ADAB2E513C630056991F /* HomeTestNuTests */,
				8CC9ADB52E513C630056991F /* HomeTestNuUITests */,
			);
		};
/* End PBXProject section */

/* Begin PBXResourcesBuildPhase section */
		8CC9AD9A2E513C620056991F /* Resources */ = {
			isa = PBXResourcesBuildPhase;
			buildActionMask = 2147483647;
			files = (
				8CC9AE302E5911060056991F /* Readme.txt in Resources */,
			);
			runOnlyForDeploymentPostprocessing = 0;
		};
		8CC9ADAA2E513C630056991F /* Resources */ = {
			isa = PBXResourcesBuildPhase;
			buildActionMask = 2147483647;
			files = (
			);
			runOnlyForDeploymentPostprocessing = 0;
		};
		8CC9ADB42E513C630056991F /* Resources */ = {
			isa = PBXResourcesBuildPhase;
			buildActionMask = 2147483647;
			files = (
			);
			runOnlyForDeploymentPostprocessing = 0;
		};
/* End PBXResourcesBuildPhase section */

/* Begin PBXShellScriptBuildPhase section */
		3AB379071DADF3F4EF3607A3 /* [CP] Check Pods Manifest.lock */ = {
			isa = PBXShellScriptBuildPhase;
			buildActionMask = 2147483647;
			files = (
			);
			inputFileListPaths = (
			);
			inputPaths = (
				"${PODS_PODFILE_DIR_PATH}/Podfile.lock",
				"${PODS_ROOT}/Manifest.lock",
			);
			name = "[CP] Check Pods Manifest.lock";
			outputFileListPaths = (
			);
			outputPaths = (
				"$(DERIVED_FILE_DIR)/Pods-HomeTestNu-checkManifestLockResult.txt",
			);
			runOnlyForDeploymentPostprocessing = 0;
			shellPath = /bin/sh;
			shellScript = "diff \"${PODS_PODFILE_DIR_PATH}/Podfile.lock\" \"${PODS_ROOT}/Manifest.lock\" > /dev/null\nif [ $? != 0 ] ; then\n    # print error to STDERR\n    echo \"error: The sandbox is not in sync with the Podfile.lock. Run 'pod install' or update your CocoaPods installation.\" >&2\n    exit 1\nfi\n# This output is used by Xcode 'outputs' to avoid re-running this script phase.\necho \"SUCCESS\" > \"${SCRIPT_OUTPUT_FILE_0}\"\n";
			showEnvVarsInLog = 0;
		};
		4EAD35EBAC2E8D01F814115B /* [CP] Check Pods Manifest.lock */ = {
			isa = PBXShellScriptBuildPhase;
			buildActionMask = 2147483647;
			files = (
			);
			inputFileListPaths = (
			);
			inputPaths = (
				"${PODS_PODFILE_DIR_PATH}/Podfile.lock",
				"${PODS_ROOT}/Manifest.lock",
			);
			name = "[CP] Check Pods Manifest.lock";
			outputFileListPaths = (
			);
			outputPaths = (
				"$(DERIVED_FILE_DIR)/Pods-HomeTestNu-HomeTestNuUITests-checkManifestLockResult.txt",
			);
			runOnlyForDeploymentPostprocessing = 0;
			shellPath = /bin/sh;
			shellScript = "diff \"${PODS_PODFILE_DIR_PATH}/Podfile.lock\" \"${PODS_ROOT}/Manifest.lock\" > /dev/null\nif [ $? != 0 ] ; then\n    # print error to STDERR\n    echo \"error: The sandbox is not in sync with the Podfile.lock. Run 'pod install' or update your CocoaPods installation.\" >&2\n    exit 1\nfi\n# This output is used by Xcode 'outputs' to avoid re-running this script phase.\necho \"SUCCESS\" > \"${SCRIPT_OUTPUT_FILE_0}\"\n";
			showEnvVarsInLog = 0;
		};
		65E75862A392AD134BB0F946 /* [CP] Check Pods Manifest.lock */ = {
			isa = PBXShellScriptBuildPhase;
			buildActionMask = 2147483647;
			files = (
			);
			inputFileListPaths = (
			);
			inputPaths = (
				"${PODS_PODFILE_DIR_PATH}/Podfile.lock",
				"${PODS_ROOT}/Manifest.lock",
			);
			name = "[CP] Check Pods Manifest.lock";
			outputFileListPaths = (
			);
			outputPaths = (
				"$(DERIVED_FILE_DIR)/Pods-HomeTestNuTests-checkManifestLockResult.txt",
			);
			runOnlyForDeploymentPostprocessing = 0;
			shellPath = /bin/sh;
			shellScript = "diff \"${PODS_PODFILE_DIR_PATH}/Podfile.lock\" \"${PODS_ROOT}/Manifest.lock\" > /dev/null\nif [ $? != 0 ] ; then\n    # print error to STDERR\n    echo \"error: The sandbox is not in sync with the Podfile.lock. Run 'pod install' or update your CocoaPods installation.\" >&2\n    exit 1\nfi\n# This output is used by Xcode 'outputs' to avoid re-running this script phase.\necho \"SUCCESS\" > \"${SCRIPT_OUTPUT_FILE_0}\"\n";
			showEnvVarsInLog = 0;
		};
/* End PBXShellScriptBuildPhase section */

/* Begin PBXSourcesBuildPhase section */
		8CC9AD982E513C620056991F /* Sources */ = {
			isa = PBXSourcesBuildPhase;
			buildActionMask = 2147483647;
			files = (
				8CC9AE2E2E58CD890056991F /* URLSession+extensions.swift in Sources */,
			);
			runOnlyForDeploymentPostprocessing = 0;
		};
		8CC9ADA82E513C630056991F /* Sources */ = {
			isa = PBXSourcesBuildPhase;
			buildActionMask = 2147483647;
			files = (
			);
			runOnlyForDeploymentPostprocessing = 0;
		};
		8CC9ADB22E513C630056991F /* Sources */ = {
			isa = PBXSourcesBuildPhase;
			buildActionMask = 2147483647;
			files = (
			);
			runOnlyForDeploymentPostprocessing = 0;
		};
/* End PBXSourcesBuildPhase section */

/* Begin PBXTargetDependency section */
		8CC9ADAE2E513C630056991F /* PBXTargetDependency */ = {
			isa = PBXTargetDependency;
			target = 8CC9AD9B2E513C620056991F /* HomeTestNu */;
			targetProxy = 8CC9ADAD2E513C630056991F /* PBXContainerItemProxy */;
		};
		8CC9ADB82E513C630056991F /* PBXTargetDependency */ = {
			isa = PBXTargetDependency;
			target = 8CC9AD9B2E513C620056991F /* HomeTestNu */;
			targetProxy = 8CC9ADB72E513C630056991F /* PBXContainerItemProxy */;
		};
/* End PBXTargetDependency section */

/* Begin XCBuildConfiguration section */
		8CC9ADBE2E513C630056991F /* Debug */ = {
			isa = XCBuildConfiguration;
			buildSettings = {
				ALWAYS_SEARCH_USER_PATHS = NO;
				ASSETCATALOG_COMPILER_GENERATE_SWIFT_ASSET_SYMBOL_EXTENSIONS = YES;
				CLANG_ANALYZER_NONNULL = YES;
				CLANG_ANALYZER_NUMBER_OBJECT_CONVERSION = YES_AGGRESSIVE;
				CLANG_CXX_LANGUAGE_STANDARD = "gnu++20";
				CLANG_ENABLE_MODULES = YES;
				CLANG_ENABLE_OBJC_ARC = YES;
				CLANG_ENABLE_OBJC_WEAK = YES;
				CLANG_WARN_BLOCK_CAPTURE_AUTORELEASING = YES;
				CLANG_WARN_BOOL_CONVERSION = YES;
				CLANG_WARN_COMMA = YES;
				CLANG_WARN_CONSTANT_CONVERSION = YES;
				CLANG_WARN_DEPRECATED_OBJC_IMPLEMENTATIONS = YES;
				CLANG_WARN_DIRECT_OBJC_ISA_USAGE = YES_ERROR;
				CLANG_WARN_DOCUMENTATION_COMMENTS = YES;
				CLANG_WARN_EMPTY_BODY = YES;
				CLANG_WARN_ENUM_CONVERSION = YES;
				CLANG_WARN_INFINITE_RECURSION = YES;
				CLANG_WARN_INT_CONVERSION = YES;
				CLANG_WARN_NON_LITERAL_NULL_CONVERSION = YES;
				CLANG_WARN_OBJC_IMPLICIT_RETAIN_SELF = YES;
				CLANG_WARN_OBJC_LITERAL_CONVERSION = YES;
				CLANG_WARN_OBJC_ROOT_CLASS = YES_ERROR;
				CLANG_WARN_QUOTED_INCLUDE_IN_FRAMEWORK_HEADER = YES;
				CLANG_WARN_RANGE_LOOP_ANALYSIS = YES;
				CLANG_WARN_STRICT_PROTOTYPES = YES;
				CLANG_WARN_SUSPICIOUS_MOVE = YES;
				CLANG_WARN_UNGUARDED_AVAILABILITY = YES_AGGRESSIVE;
				CLANG_WARN_UNREACHABLE_CODE = YES;
				CLANG_WARN__DUPLICATE_METHOD_MATCH = YES;
				COPY_PHASE_STRIP = NO;
				DEBUG_INFORMATION_FORMAT = dwarf;
				ENABLE_STRICT_OBJC_MSGSEND = YES;
				ENABLE_TESTABILITY = YES;
				ENABLE_USER_SCRIPT_SANDBOXING = YES;
				GCC_C_LANGUAGE_STANDARD = gnu17;
				GCC_DYNAMIC_NO_PIC = NO;
				GCC_NO_COMMON_BLOCKS = YES;
				GCC_OPTIMIZATION_LEVEL = 0;
				GCC_PREPROCESSOR_DEFINITIONS = (
					"DEBUG=1",
					"$(inherited)",
				);
				GCC_WARN_64_TO_32_BIT_CONVERSION = YES;
				GCC_WARN_ABOUT_RETURN_TYPE = YES_ERROR;
				GCC_WARN_UNDECLARED_SELECTOR = YES;
				GCC_WARN_UNINITIALIZED_AUTOS = YES_AGGRESSIVE;
				GCC_WARN_UNUSED_FUNCTION = YES;
				GCC_WARN_UNUSED_VARIABLE = YES;
				IPHONEOS_DEPLOYMENT_TARGET = 18.2;
				LOCALIZATION_PREFERS_STRING_CATALOGS = YES;
				MTL_ENABLE_DEBUG_INFO = INCLUDE_SOURCE;
				MTL_FAST_MATH = YES;
				ONLY_ACTIVE_ARCH = YES;
				SDKROOT = iphoneos;
				SWIFT_ACTIVE_COMPILATION_CONDITIONS = "DEBUG $(inherited)";
				SWIFT_OPTIMIZATION_LEVEL = "-Onone";
			};
			name = Debug;
		};
		8CC9ADBF2E513C630056991F /* Release */ = {
			isa = XCBuildConfiguration;
			buildSettings = {
				ALWAYS_SEARCH_USER_PATHS = NO;
				ASSETCATALOG_COMPILER_GENERATE_SWIFT_ASSET_SYMBOL_EXTENSIONS = YES;
				CLANG_ANALYZER_NONNULL = YES;
				CLANG_ANALYZER_NUMBER_OBJECT_CONVERSION = YES_AGGRESSIVE;
				CLANG_CXX_LANGUAGE_STANDARD = "gnu++20";
				CLANG_ENABLE_MODULES = YES;
				CLANG_ENABLE_OBJC_ARC = YES;
				CLANG_ENABLE_OBJC_WEAK = YES;
				CLANG_WARN_BLOCK_CAPTURE_AUTORELEASING = YES;
				CLANG_WARN_BOOL_CONVERSION = YES;
				CLANG_WARN_COMMA = YES;
				CLANG_WARN_CONSTANT_CONVERSION = YES;
				CLANG_WARN_DEPRECATED_OBJC_IMPLEMENTATIONS = YES;
				CLANG_WARN_DIRECT_OBJC_ISA_USAGE = YES_ERROR;
				CLANG_WARN_DOCUMENTATION_COMMENTS = YES;
				CLANG_WARN_EMPTY_BODY = YES;
				CLANG_WARN_ENUM_CONVERSION = YES;
				CLANG_WARN_INFINITE_RECURSION = YES;
				CLANG_WARN_INT_CONVERSION = YES;
				CLANG_WARN_NON_LITERAL_NULL_CONVERSION = YES;
				CLANG_WARN_OBJC_IMPLICIT_RETAIN_SELF = YES;
				CLANG_WARN_OBJC_LITERAL_CONVERSION = YES;
				CLANG_WARN_OBJC_ROOT_CLASS = YES_ERROR;
				CLANG_WARN_QUOTED_INCLUDE_IN_FRAMEWORK_HEADER = YES;
				CLANG_WARN_RANGE_LOOP_ANALYSIS = YES;
				CLANG_WARN_STRICT_PROTOTYPES = YES;
				CLANG_WARN_SUSPICIOUS_MOVE = YES;
				CLANG_WARN_UNGUARDED_AVAILABILITY = YES_AGGRESSIVE;
				CLANG_WARN_UNREACHABLE_CODE = YES;
				CLANG_WARN__DUPLICATE_METHOD_MATCH = YES;
				COPY_PHASE_STRIP = NO;
				DEBUG_INFORMATION_FORMAT = "dwarf-with-dsym";
				ENABLE_NS_ASSERTIONS = NO;
				ENABLE_STRICT_OBJC_MSGSEND = YES;
				ENABLE_USER_SCRIPT_SANDBOXING = YES;
				GCC_C_LANGUAGE_STANDARD = gnu17;
				GCC_NO_COMMON_BLOCKS = YES;
				GCC_WARN_64_TO_32_BIT_CONVERSION = YES;
				GCC_WARN_ABOUT_RETURN_TYPE = YES_ERROR;
				GCC_WARN_UNDECLARED_SELECTOR = YES;
				GCC_WARN_UNINITIALIZED_AUTOS = YES_AGGRESSIVE;
				GCC_WARN_UNUSED_FUNCTION = YES;
				GCC_WARN_UNUSED_VARIABLE = YES;
				IPHONEOS_DEPLOYMENT_TARGET = 18.2;
				LOCALIZATION_PREFERS_STRING_CATALOGS = YES;
				MTL_ENABLE_DEBUG_INFO = NO;
				MTL_FAST_MATH = YES;
				SDKROOT = iphoneos;
				SWIFT_COMPILATION_MODE = wholemodule;
				VALIDATE_PRODUCT = YES;
			};
			name = Release;
		};
		8CC9ADC12E513C630056991F /* Debug */ = {
			isa = XCBuildConfiguration;
			baseConfigurationReference = A7D39B90EDD92328EAC76654 /* Pods-HomeTestNu.debug.xcconfig */;
			buildSettings = {
				ASSETCATALOG_COMPILER_APPICON_NAME = AppIcon;
				ASSETCATALOG_COMPILER_GLOBAL_ACCENT_COLOR_NAME = AccentColor;
				CODE_SIGN_STYLE = Automatic;
				CURRENT_PROJECT_VERSION = 1;
				DEVELOPMENT_ASSET_PATHS = "\"HomeTestNu/Preview Content\"";
				DEVELOPMENT_TEAM = 889286V7CX;
				ENABLE_PREVIEWS = YES;
				GENERATE_INFOPLIST_FILE = YES;
				INFOPLIST_FILE = HomeTestNu/Info.plist;
				INFOPLIST_KEY_UIApplicationSceneManifest_Generation = YES;
				INFOPLIST_KEY_UIApplicationSupportsIndirectInputEvents = YES;
				INFOPLIST_KEY_UILaunchScreen_Generation = YES;
				INFOPLIST_KEY_UISupportedInterfaceOrientations_iPad = "UIInterfaceOrientationPortrait UIInterfaceOrientationPortraitUpsideDown UIInterfaceOrientationLandscapeLeft UIInterfaceOrientationLandscapeRight";
				INFOPLIST_KEY_UISupportedInterfaceOrientations_iPhone = "UIInterfaceOrientationPortrait UIInterfaceOrientationLandscapeLeft UIInterfaceOrientationLandscapeRight";
				LD_RUNPATH_SEARCH_PATHS = (
					"$(inherited)",
					"@executable_path/Frameworks",
				);
				MARKETING_VERSION = 1.0;
				PRODUCT_BUNDLE_IDENTIFIER = com.vsricci.HomeTestNu;
				PRODUCT_NAME = "$(TARGET_NAME)";
				SWIFT_EMIT_LOC_STRINGS = YES;
				SWIFT_VERSION = 5.0;
				TARGETED_DEVICE_FAMILY = "1,2";
			};
			name = Debug;
		};
		8CC9ADC22E513C630056991F /* Release */ = {
			isa = XCBuildConfiguration;
			baseConfigurationReference = CBA0C1A89A08CC00BDC2C3F0 /* Pods-HomeTestNu.release.xcconfig */;
			buildSettings = {
				ASSETCATALOG_COMPILER_APPICON_NAME = AppIcon;
				ASSETCATALOG_COMPILER_GLOBAL_ACCENT_COLOR_NAME = AccentColor;
				CODE_SIGN_STYLE = Automatic;
				CURRENT_PROJECT_VERSION = 1;
				DEVELOPMENT_ASSET_PATHS = "\"HomeTestNu/Preview Content\"";
				DEVELOPMENT_TEAM = 889286V7CX;
				ENABLE_PREVIEWS = YES;
				GENERATE_INFOPLIST_FILE = YES;
				INFOPLIST_FILE = HomeTestNu/Info.plist;
				INFOPLIST_KEY_UIApplicationSceneManifest_Generation = YES;
				INFOPLIST_KEY_UIApplicationSupportsIndirectInputEvents = YES;
				INFOPLIST_KEY_UILaunchScreen_Generation = YES;
				INFOPLIST_KEY_UISupportedInterfaceOrientations_iPad = "UIInterfaceOrientationPortrait UIInterfaceOrientationPortraitUpsideDown UIInterfaceOrientationLandscapeLeft UIInterfaceOrientationLandscapeRight";
				INFOPLIST_KEY_UISupportedInterfaceOrientations_iPhone = "UIInterfaceOrientationPortrait UIInterfaceOrientationLandscapeLeft UIInterfaceOrientationLandscapeRight";
				LD_RUNPATH_SEARCH_PATHS = (
					"$(inherited)",
					"@executable_path/Frameworks",
				);
				MARKETING_VERSION = 1.0;
				PRODUCT_BUNDLE_IDENTIFIER = com.vsricci.HomeTestNu;
				PRODUCT_NAME = "$(TARGET_NAME)";
				SWIFT_EMIT_LOC_STRINGS = YES;
				SWIFT_VERSION = 5.0;
				TARGETED_DEVICE_FAMILY = "1,2";
			};
			name = Release;
		};
		8CC9ADC42E513C630056991F /* Debug */ = {
			isa = XCBuildConfiguration;
			baseConfigurationReference = 58B98B6AAD57E31E56824721 /* Pods-HomeTestNuTests.debug.xcconfig */;
			buildSettings = {
				BUNDLE_LOADER = "$(TEST_HOST)";
				CODE_SIGN_STYLE = Automatic;
				CURRENT_PROJECT_VERSION = 1;
				DEVELOPMENT_TEAM = 889286V7CX;
				GENERATE_INFOPLIST_FILE = YES;
				IPHONEOS_DEPLOYMENT_TARGET = 18.2;
				MARKETING_VERSION = 1.0;
				PRODUCT_BUNDLE_IDENTIFIER = com.vsricci.HomeTestNuTests;
				PRODUCT_NAME = "$(TARGET_NAME)";
				SWIFT_EMIT_LOC_STRINGS = NO;
				SWIFT_VERSION = 5.0;
				TARGETED_DEVICE_FAMILY = "1,2";
				TEST_HOST = "$(BUILT_PRODUCTS_DIR)/HomeTestNu.app/$(BUNDLE_EXECUTABLE_FOLDER_PATH)/HomeTestNu";
			};
			name = Debug;
		};
		8CC9ADC52E513C630056991F /* Release */ = {
			isa = XCBuildConfiguration;
			baseConfigurationReference = 5E3D2E5525ED00B35E057CB2 /* Pods-HomeTestNuTests.release.xcconfig */;
			buildSettings = {
				BUNDLE_LOADER = "$(TEST_HOST)";
				CODE_SIGN_STYLE = Automatic;
				CURRENT_PROJECT_VERSION = 1;
				DEVELOPMENT_TEAM = 889286V7CX;
				GENERATE_INFOPLIST_FILE = YES;
				IPHONEOS_DEPLOYMENT_TARGET = 18.2;
				MARKETING_VERSION = 1.0;
				PRODUCT_BUNDLE_IDENTIFIER = com.vsricci.HomeTestNuTests;
				PRODUCT_NAME = "$(TARGET_NAME)";
				SWIFT_EMIT_LOC_STRINGS = NO;
				SWIFT_VERSION = 5.0;
				TARGETED_DEVICE_FAMILY = "1,2";
				TEST_HOST = "$(BUILT_PRODUCTS_DIR)/HomeTestNu.app/$(BUNDLE_EXECUTABLE_FOLDER_PATH)/HomeTestNu";
			};
			name = Release;
		};
		8CC9ADC72E513C630056991F /* Debug */ = {
			isa = XCBuildConfiguration;
			baseConfigurationReference = 51F5B97F94F2E5229524CF33 /* Pods-HomeTestNu-HomeTestNuUITests.debug.xcconfig */;
			buildSettings = {
				CODE_SIGN_STYLE = Automatic;
				CURRENT_PROJECT_VERSION = 1;
				DEVELOPMENT_TEAM = 889286V7CX;
				GENERATE_INFOPLIST_FILE = YES;
				MARKETING_VERSION = 1.0;
				PRODUCT_BUNDLE_IDENTIFIER = com.vsricci.HomeTestNuUITests;
				PRODUCT_NAME = "$(TARGET_NAME)";
				SWIFT_EMIT_LOC_STRINGS = NO;
				SWIFT_VERSION = 5.0;
				TARGETED_DEVICE_FAMILY = "1,2";
				TEST_TARGET_NAME = HomeTestNu;
			};
			name = Debug;
		};
		8CC9ADC82E513C630056991F /* Release */ = {
			isa = XCBuildConfiguration;
			baseConfigurationReference = 7C6F37C290F70B3AA7050DE5 /* Pods-HomeTestNu-HomeTestNuUITests.release.xcconfig */;
			buildSettings = {
				CODE_SIGN_STYLE = Automatic;
				CURRENT_PROJECT_VERSION = 1;
				DEVELOPMENT_TEAM = 889286V7CX;
				GENERATE_INFOPLIST_FILE = YES;
				MARKETING_VERSION = 1.0;
				PRODUCT_BUNDLE_IDENTIFIER = com.vsricci.HomeTestNuUITests;
				PRODUCT_NAME = "$(TARGET_NAME)";
				SWIFT_EMIT_LOC_STRINGS = NO;
				SWIFT_VERSION = 5.0;
				TARGETED_DEVICE_FAMILY = "1,2";
				TEST_TARGET_NAME = HomeTestNu;
			};
			name = Release;
		};
/* End XCBuildConfiguration section */

/* Begin XCConfigurationList section */
		8CC9AD972E513C610056991F /* Build configuration list for PBXProject "HomeTestNu" */ = {
			isa = XCConfigurationList;
			buildConfigurations = (
				8CC9ADBE2E513C630056991F /* Debug */,
				8CC9ADBF2E513C630056991F /* Release */,
			);
			defaultConfigurationIsVisible = 0;
			defaultConfigurationName = Release;
		};
		8CC9ADC02E513C630056991F /* Build configuration list for PBXNativeTarget "HomeTestNu" */ = {
			isa = XCConfigurationList;
			buildConfigurations = (
				8CC9ADC12E513C630056991F /* Debug */,
				8CC9ADC22E513C630056991F /* Release */,
			);
			defaultConfigurationIsVisible = 0;
			defaultConfigurationName = Release;
		};
		8CC9ADC32E513C630056991F /* Build configuration list for PBXNativeTarget "HomeTestNuTests" */ = {
			isa = XCConfigurationList;
			buildConfigurations = (
				8CC9ADC42E513C630056991F /* Debug */,
				8CC9ADC52E513C630056991F /* Release */,
			);
			defaultConfigurationIsVisible = 0;
			defaultConfigurationName = Release;
		};
		8CC9ADC62E513C630056991F /* Build configuration list for PBXNativeTarget "HomeTestNuUITests" */ = {
			isa = XCConfigurationList;
			buildConfigurations = (
				8CC9ADC72E513C630056991F /* Debug */,
				8CC9ADC82E513C630056991F /* Release */,
			);
			defaultConfigurationIsVisible = 0;
			defaultConfigurationName = Release;
		};
/* End XCConfigurationList section */
	};
	rootObject = 8CC9AD942E513C610056991F /* Project object */;
}
